
Microsoft Visual Studio Solution File, Format Version 12.00
# Visual Studio Version 16
VisualStudioVersion = 16.0.30225.117
MinimumVisualStudioVersion = 10.0.40219.1
Project("{FAE04EC0-301F-11D3-BF4B-00C04F79EFBC}") = "Sigobase", "Sigobase\Sigobase.csproj", "{51B1FE9A-96AA-400C-92FE-50A86C067368}"
EndProject
Global
	GlobalSection(SolutionConfigurationPlatforms) = preSolution
		Debug|Any CPU = Debug|Any CPU
		Release|Any CPU = Release|Any CPU
	EndGlobalSection
	GlobalSection(ProjectConfigurationPlatforms) = postSolution
		{51B1FE9A-96AA-400C-92FE-50A86C067368}.Debug|Any CPU.ActiveCfg = Debug|Any CPU
		{51B1FE9A-96AA-400C-92FE-50A86C067368}.Debug|Any CPU.Build.0 = Debug|Any CPU
		{51B1FE9A-96AA-400C-92FE-50A86C067368}.Release|Any CPU.ActiveCfg = Release|Any CPU
		{51B1FE9A-96AA-400C-92FE-50A86C067368}.Release|Any CPU.Build.0 = Release|Any CPU
	EndGlobalSection
	GlobalSection(SolutionProperties) = preSolution
		HideSolutionNode = FALSE
	EndGlobalSection
	GlobalSection(ExtensibilityGlobals) = postSolution
		SolutionGuid = {3336121B-7603-4B39-84E6-3D743E0BD101}
	EndGlobalSection
EndGlobal
